// !$*UTF8*$!
{
	archiveVersion = 1;
	classes = {
	};
	objectVersion = 46;
	objects = {

/* Begin PBXBuildFile section */
		9D39EC171AEC65F800DBE3B8 /* ViewController.swift in Sources */ = {isa = PBXBuildFile; fileRef = 9D39EC161AEC65F800DBE3B8 /* ViewController.swift */; };
		9D39EC191AED253C00DBE3B8 /* NSData.swift in Sources */ = {isa = PBXBuildFile; fileRef = 9D39EC181AED253C00DBE3B8 /* NSData.swift */; };
		9D4A6FF21ABBA75F003FF683 /* ConditionsViewController.swift in Sources */ = {isa = PBXBuildFile; fileRef = 9D4A6FEE1ABBA75F003FF683 /* ConditionsViewController.swift */; };
		9D4A6FF41ABBA75F003FF683 /* ModelController.swift in Sources */ = {isa = PBXBuildFile; fileRef = 9D4A6FF01ABBA75F003FF683 /* ModelController.swift */; };
		9D4A6FF51ABBA75F003FF683 /* RootViewController.swift in Sources */ = {isa = PBXBuildFile; fileRef = 9D4A6FF11ABBA75F003FF683 /* RootViewController.swift */; };
		9D4A6FFA1ABBA7EC003FF683 /* Conditions.swift in Sources */ = {isa = PBXBuildFile; fileRef = 9D4A6FF91ABBA7EC003FF683 /* Conditions.swift */; };
		9D9166631AD4CDD70027677A /* Notifications.swift in Sources */ = {isa = PBXBuildFile; fileRef = 9D9166621AD4CDD70027677A /* Notifications.swift */; };
		9DABE2121AD2BB0A0059F879 /* NotificationPrefsViewController.swift in Sources */ = {isa = PBXBuildFile; fileRef = 9DABE2111AD2BB0A0059F879 /* NotificationPrefsViewController.swift */; };
		9DE1906A1A4C7F32003A7CE9 /* AppDelegate.swift in Sources */ = {isa = PBXBuildFile; fileRef = 9DE190691A4C7F32003A7CE9 /* AppDelegate.swift */; };
		9DE190731A4C7F32003A7CE9 /* Main.storyboard in Resources */ = {isa = PBXBuildFile; fileRef = 9DE190711A4C7F32003A7CE9 /* Main.storyboard */; };
		9DE190751A4C7F32003A7CE9 /* Images.xcassets in Resources */ = {isa = PBXBuildFile; fileRef = 9DE190741A4C7F32003A7CE9 /* Images.xcassets */; };
		9DE190781A4C7F32003A7CE9 /* LaunchScreen.xib in Resources */ = {isa = PBXBuildFile; fileRef = 9DE190761A4C7F32003A7CE9 /* LaunchScreen.xib */; };
		9DE190841A4C7F32003A7CE9 /* CBIFlagConditionsTests.swift in Sources */ = {isa = PBXBuildFile; fileRef = 9DE190831A4C7F32003A7CE9 /* CBIFlagConditionsTests.swift */; };
		9DEB325B1AE4859E005F05CF /* ServiceCall.swift in Sources */ = {isa = PBXBuildFile; fileRef = 9DEB325A1AE4859E005F05CF /* ServiceCall.swift */; };
/* End PBXBuildFile section */

/* Begin PBXContainerItemProxy section */
		9DE1907E1A4C7F32003A7CE9 /* PBXContainerItemProxy */ = {
			isa = PBXContainerItemProxy;
			containerPortal = 9DE1905C1A4C7F32003A7CE9 /* Project object */;
			proxyType = 1;
			remoteGlobalIDString = 9DE190631A4C7F32003A7CE9;
			remoteInfo = CBIFlagConditions;
		};
/* End PBXContainerItemProxy section */

/* Begin PBXFileReference section */
		9D39EC161AEC65F800DBE3B8 /* ViewController.swift */ = {isa = PBXFileReference; fileEncoding = 4; lastKnownFileType = sourcecode.swift; name = ViewController.swift; path = Extensions/ViewController.swift; sourceTree = "<group>"; };
		9D39EC181AED253C00DBE3B8 /* NSData.swift */ = {isa = PBXFileReference; fileEncoding = 4; lastKnownFileType = sourcecode.swift; name = NSData.swift; path = Extensions/NSData.swift; sourceTree = "<group>"; };
		9D4A6FEE1ABBA75F003FF683 /* ConditionsViewController.swift */ = {isa = PBXFileReference; fileEncoding = 4; lastKnownFileType = sourcecode.swift; name = ConditionsViewController.swift; path = Controllers/ConditionsViewController.swift; sourceTree = "<group>"; };
		9D4A6FF01ABBA75F003FF683 /* ModelController.swift */ = {isa = PBXFileReference; fileEncoding = 4; lastKnownFileType = sourcecode.swift; name = ModelController.swift; path = Controllers/ModelController.swift; sourceTree = "<group>"; };
		9D4A6FF11ABBA75F003FF683 /* RootViewController.swift */ = {isa = PBXFileReference; fileEncoding = 4; lastKnownFileType = sourcecode.swift; name = RootViewController.swift; path = Controllers/RootViewController.swift; sourceTree = "<group>"; };
		9D4A6FF91ABBA7EC003FF683 /* Conditions.swift */ = {isa = PBXFileReference; fileEncoding = 4; lastKnownFileType = sourcecode.swift; name = Conditions.swift; path = API/Conditions.swift; sourceTree = "<group>"; };
		9D4A6FFB1ABBB100003FF683 /* MyPlayground.playground */ = {isa = PBXFileReference; lastKnownFileType = file.playground; path = MyPlayground.playground; sourceTree = "<group>"; };
		9D9166621AD4CDD70027677A /* Notifications.swift */ = {isa = PBXFileReference; fileEncoding = 4; lastKnownFileType = sourcecode.swift; name = Notifications.swift; path = API/Notifications.swift; sourceTree = "<group>"; };
		9DABE2111AD2BB0A0059F879 /* NotificationPrefsViewController.swift */ = {isa = PBXFileReference; fileEncoding = 4; lastKnownFileType = sourcecode.swift; name = NotificationPrefsViewController.swift; path = Controllers/NotificationPrefsViewController.swift; sourceTree = "<group>"; };
		9DE190641A4C7F32003A7CE9 /* CBIFlagConditions.app */ = {isa = PBXFileReference; explicitFileType = wrapper.application; includeInIndex = 0; path = CBIFlagConditions.app; sourceTree = BUILT_PRODUCTS_DIR; };
		9DE190681A4C7F32003A7CE9 /* Info.plist */ = {isa = PBXFileReference; lastKnownFileType = text.plist.xml; path = Info.plist; sourceTree = "<group>"; };
		9DE190691A4C7F32003A7CE9 /* AppDelegate.swift */ = {isa = PBXFileReference; lastKnownFileType = sourcecode.swift; path = AppDelegate.swift; sourceTree = "<group>"; };
		9DE190721A4C7F32003A7CE9 /* Base */ = {isa = PBXFileReference; lastKnownFileType = file.storyboard; name = Base; path = Base.lproj/Main.storyboard; sourceTree = "<group>"; };
		9DE190741A4C7F32003A7CE9 /* Images.xcassets */ = {isa = PBXFileReference; lastKnownFileType = folder.assetcatalog; path = Images.xcassets; sourceTree = "<group>"; };
		9DE190771A4C7F32003A7CE9 /* Base */ = {isa = PBXFileReference; lastKnownFileType = file.xib; name = Base; path = Base.lproj/LaunchScreen.xib; sourceTree = "<group>"; };
		9DE1907D1A4C7F32003A7CE9 /* CBIFlagConditionsTests.xctest */ = {isa = PBXFileReference; explicitFileType = wrapper.cfbundle; includeInIndex = 0; path = CBIFlagConditionsTests.xctest; sourceTree = BUILT_PRODUCTS_DIR; };
		9DE190821A4C7F32003A7CE9 /* Info.plist */ = {isa = PBXFileReference; lastKnownFileType = text.plist.xml; path = Info.plist; sourceTree = "<group>"; };
		9DE190831A4C7F32003A7CE9 /* CBIFlagConditionsTests.swift */ = {isa = PBXFileReference; lastKnownFileType = sourcecode.swift; path = CBIFlagConditionsTests.swift; sourceTree = "<group>"; };
		9DEB325A1AE4859E005F05CF /* ServiceCall.swift */ = {isa = PBXFileReference; fileEncoding = 4; lastKnownFileType = sourcecode.swift; name = ServiceCall.swift; path = API/ServiceCall.swift; sourceTree = "<group>"; };
/* End PBXFileReference section */

/* Begin PBXFrameworksBuildPhase section */
		9DE190611A4C7F32003A7CE9 /* Frameworks */ = {
			isa = PBXFrameworksBuildPhase;
			buildActionMask = 2147483647;
			files = (
			);
			runOnlyForDeploymentPostprocessing = 0;
		};
		9DE1907A1A4C7F32003A7CE9 /* Frameworks */ = {
			isa = PBXFrameworksBuildPhase;
			buildActionMask = 2147483647;
			files = (
			);
			runOnlyForDeploymentPostprocessing = 0;
		};
/* End PBXFrameworksBuildPhase section */

/* Begin PBXGroup section */
		9D4A6FEB1ABBA671003FF683 /* Controllers */ = {
			isa = PBXGroup;
			children = (
				9D4A6FEE1ABBA75F003FF683 /* ConditionsViewController.swift */,
				9DABE2111AD2BB0A0059F879 /* NotificationPrefsViewController.swift */,
				9D4A6FF01ABBA75F003FF683 /* ModelController.swift */,
				9D4A6FF11ABBA75F003FF683 /* RootViewController.swift */,
			);
			name = Controllers;
			sourceTree = "<group>";
		};
		9D4A6FEC1ABBA685003FF683 /* Views */ = {
			isa = PBXGroup;
			children = (
				9DE190711A4C7F32003A7CE9 /* Main.storyboard */,
				9DE190761A4C7F32003A7CE9 /* LaunchScreen.xib */,
			);
			name = Views;
			sourceTree = "<group>";
		};
		9D4A6FED1ABBA6A2003FF683 /* Extensions */ = {
			isa = PBXGroup;
			children = (
				9D39EC161AEC65F800DBE3B8 /* ViewController.swift */,
				9D39EC181AED253C00DBE3B8 /* NSData.swift */,
			);
			name = Extensions;
			sourceTree = "<group>";
		};
		9D4A6FF81ABBA7BC003FF683 /* API */ = {
			isa = PBXGroup;
			children = (
				9D4A6FF91ABBA7EC003FF683 /* Conditions.swift */,
				9DEB325A1AE4859E005F05CF /* ServiceCall.swift */,
				9D9166621AD4CDD70027677A /* Notifications.swift */,
			);
			name = API;
			sourceTree = "<group>";
		};
		9DE1905B1A4C7F32003A7CE9 = {
			isa = PBXGroup;
			children = (
				9DE190661A4C7F32003A7CE9 /* CBIFlagConditions */,
				9DE190801A4C7F32003A7CE9 /* CBIFlagConditionsTests */,
				9DE190651A4C7F32003A7CE9 /* Products */,
				9D4A6FFB1ABBB100003FF683 /* MyPlayground.playground */,
			);
			sourceTree = "<group>";
		};
		9DE190651A4C7F32003A7CE9 /* Products */ = {
			isa = PBXGroup;
			children = (
				9DE190641A4C7F32003A7CE9 /* CBIFlagConditions.app */,
				9DE1907D1A4C7F32003A7CE9 /* CBIFlagConditionsTests.xctest */,
			);
			name = Products;
			sourceTree = "<group>";
		};
		9DE190661A4C7F32003A7CE9 /* CBIFlagConditions */ = {
			isa = PBXGroup;
			children = (
				9DE190691A4C7F32003A7CE9 /* AppDelegate.swift */,
				9D4A6FF81ABBA7BC003FF683 /* API */,
				9D4A6FED1ABBA6A2003FF683 /* Extensions */,
				9D4A6FEC1ABBA685003FF683 /* Views */,
				9D4A6FEB1ABBA671003FF683 /* Controllers */,
				9DE190741A4C7F32003A7CE9 /* Images.xcassets */,
				9DE190671A4C7F32003A7CE9 /* Supporting Files */,
			);
			path = CBIFlagConditions;
			sourceTree = "<group>";
		};
		9DE190671A4C7F32003A7CE9 /* Supporting Files */ = {
			isa = PBXGroup;
			children = (
				9DE190681A4C7F32003A7CE9 /* Info.plist */,
			);
			name = "Supporting Files";
			sourceTree = "<group>";
		};
		9DE190801A4C7F32003A7CE9 /* CBIFlagConditionsTests */ = {
			isa = PBXGroup;
			children = (
				9DE190831A4C7F32003A7CE9 /* CBIFlagConditionsTests.swift */,
				9DE190811A4C7F32003A7CE9 /* Supporting Files */,
			);
			path = CBIFlagConditionsTests;
			sourceTree = "<group>";
		};
		9DE190811A4C7F32003A7CE9 /* Supporting Files */ = {
			isa = PBXGroup;
			children = (
				9DE190821A4C7F32003A7CE9 /* Info.plist */,
			);
			name = "Supporting Files";
			sourceTree = "<group>";
		};
/* End PBXGroup section */

/* Begin PBXNativeTarget section */
		9DE190631A4C7F32003A7CE9 /* CBIFlagConditions */ = {
			isa = PBXNativeTarget;
			buildConfigurationList = 9DE190871A4C7F32003A7CE9 /* Build configuration list for PBXNativeTarget "CBIFlagConditions" */;
			buildPhases = (
				9DE190601A4C7F32003A7CE9 /* Sources */,
				9DE190611A4C7F32003A7CE9 /* Frameworks */,
				9DE190621A4C7F32003A7CE9 /* Resources */,
			);
			buildRules = (
			);
			dependencies = (
			);
			name = CBIFlagConditions;
			productName = CBIFlagConditions;
			productReference = 9DE190641A4C7F32003A7CE9 /* CBIFlagConditions.app */;
			productType = "com.apple.product-type.application";
		};
		9DE1907C1A4C7F32003A7CE9 /* CBIFlagConditionsTests */ = {
			isa = PBXNativeTarget;
			buildConfigurationList = 9DE1908A1A4C7F32003A7CE9 /* Build configuration list for PBXNativeTarget "CBIFlagConditionsTests" */;
			buildPhases = (
				9DE190791A4C7F32003A7CE9 /* Sources */,
				9DE1907A1A4C7F32003A7CE9 /* Frameworks */,
				9DE1907B1A4C7F32003A7CE9 /* Resources */,
			);
			buildRules = (
			);
			dependencies = (
				9DE1907F1A4C7F32003A7CE9 /* PBXTargetDependency */,
			);
			name = CBIFlagConditionsTests;
			productName = CBIFlagConditionsTests;
			productReference = 9DE1907D1A4C7F32003A7CE9 /* CBIFlagConditionsTests.xctest */;
			productType = "com.apple.product-type.bundle.unit-test";
		};
/* End PBXNativeTarget section */

/* Begin PBXProject section */
		9DE1905C1A4C7F32003A7CE9 /* Project object */ = {
			isa = PBXProject;
			attributes = {
				LastUpgradeCheck = 0610;
				ORGANIZATIONNAME = "Asa Riley";
				TargetAttributes = {
					9DE190631A4C7F32003A7CE9 = {
						CreatedOnToolsVersion = 6.1.1;
						DevelopmentTeam = 6ND2BJ8DDS;
					};
					9DE1907C1A4C7F32003A7CE9 = {
						CreatedOnToolsVersion = 6.1.1;
						TestTargetID = 9DE190631A4C7F32003A7CE9;
					};
				};
			};
			buildConfigurationList = 9DE1905F1A4C7F32003A7CE9 /* Build configuration list for PBXProject "CBIFlagConditions" */;
			compatibilityVersion = "Xcode 3.2";
			developmentRegion = English;
			hasScannedForEncodings = 0;
			knownRegions = (
				en,
				Base,
			);
			mainGroup = 9DE1905B1A4C7F32003A7CE9;
			productRefGroup = 9DE190651A4C7F32003A7CE9 /* Products */;
			projectDirPath = "";
			projectRoot = "";
			targets = (
				9DE190631A4C7F32003A7CE9 /* CBIFlagConditions */,
				9DE1907C1A4C7F32003A7CE9 /* CBIFlagConditionsTests */,
			);
		};
/* End PBXProject section */

/* Begin PBXResourcesBuildPhase section */
		9DE190621A4C7F32003A7CE9 /* Resources */ = {
			isa = PBXResourcesBuildPhase;
			buildActionMask = 2147483647;
			files = (
				9DE190731A4C7F32003A7CE9 /* Main.storyboard in Resources */,
				9DE190781A4C7F32003A7CE9 /* LaunchScreen.xib in Resources */,
				9DE190751A4C7F32003A7CE9 /* Images.xcassets in Resources */,
			);
			runOnlyForDeploymentPostprocessing = 0;
		};
		9DE1907B1A4C7F32003A7CE9 /* Resources */ = {
			isa = PBXResourcesBuildPhase;
			buildActionMask = 2147483647;
			files = (
			);
			runOnlyForDeploymentPostprocessing = 0;
		};
/* End PBXResourcesBuildPhase section */

/* Begin PBXSourcesBuildPhase section */
		9DE190601A4C7F32003A7CE9 /* Sources */ = {
			isa = PBXSourcesBuildPhase;
			buildActionMask = 2147483647;
			files = (
				9D4A6FF21ABBA75F003FF683 /* ConditionsViewController.swift in Sources */,
				9DEB325B1AE4859E005F05CF /* ServiceCall.swift in Sources */,
				9D9166631AD4CDD70027677A /* Notifications.swift in Sources */,
				9D39EC171AEC65F800DBE3B8 /* ViewController.swift in Sources */,
				9D39EC191AED253C00DBE3B8 /* NSData.swift in Sources */,
				9D4A6FF51ABBA75F003FF683 /* RootViewController.swift in Sources */,
				9D4A6FF41ABBA75F003FF683 /* ModelController.swift in Sources */,
				9DE1906A1A4C7F32003A7CE9 /* AppDelegate.swift in Sources */,
				9D4A6FFA1ABBA7EC003FF683 /* Conditions.swift in Sources */,
				9DABE2121AD2BB0A0059F879 /* NotificationPrefsViewController.swift in Sources */,
			);
			runOnlyForDeploymentPostprocessing = 0;
		};
		9DE190791A4C7F32003A7CE9 /* Sources */ = {
			isa = PBXSourcesBuildPhase;
			buildActionMask = 2147483647;
			files = (
				9DE190841A4C7F32003A7CE9 /* CBIFlagConditionsTests.swift in Sources */,
			);
			runOnlyForDeploymentPostprocessing = 0;
		};
/* End PBXSourcesBuildPhase section */

/* Begin PBXTargetDependency section */
		9DE1907F1A4C7F32003A7CE9 /* PBXTargetDependency */ = {
			isa = PBXTargetDependency;
			target = 9DE190631A4C7F32003A7CE9 /* CBIFlagConditions */;
			targetProxy = 9DE1907E1A4C7F32003A7CE9 /* PBXContainerItemProxy */;
		};
/* End PBXTargetDependency section */

/* Begin PBXVariantGroup section */
		9DE190711A4C7F32003A7CE9 /* Main.storyboard */ = {
			isa = PBXVariantGroup;
			children = (
				9DE190721A4C7F32003A7CE9 /* Base */,
			);
			name = Main.storyboard;
			sourceTree = "<group>";
		};
		9DE190761A4C7F32003A7CE9 /* LaunchScreen.xib */ = {
			isa = PBXVariantGroup;
			children = (
				9DE190771A4C7F32003A7CE9 /* Base */,
			);
			name = LaunchScreen.xib;
			sourceTree = "<group>";
		};
/* End PBXVariantGroup section */

/* Begin XCBuildConfiguration section */
		9DE190851A4C7F32003A7CE9 /* Debug */ = {
			isa = XCBuildConfiguration;
			buildSettings = {
				ALWAYS_SEARCH_USER_PATHS = NO;
				CLANG_CXX_LANGUAGE_STANDARD = "gnu++0x";
				CLANG_CXX_LIBRARY = "libc++";
				CLANG_ENABLE_MODULES = YES;
				CLANG_ENABLE_OBJC_ARC = YES;
				CLANG_WARN_BOOL_CONVERSION = YES;
				CLANG_WARN_CONSTANT_CONVERSION = YES;
				CLANG_WARN_DIRECT_OBJC_ISA_USAGE = YES_ERROR;
				CLANG_WARN_EMPTY_BODY = YES;
				CLANG_WARN_ENUM_CONVERSION = YES;
				CLANG_WARN_INT_CONVERSION = YES;
				CLANG_WARN_OBJC_ROOT_CLASS = YES_ERROR;
				CLANG_WARN_UNREACHABLE_CODE = YES;
				CLANG_WARN__DUPLICATE_METHOD_MATCH = YES;
				"CODE_SIGN_IDENTITY[sdk=iphoneos*]" = "iPhone Developer";
				COPY_PHASE_STRIP = NO;
				ENABLE_STRICT_OBJC_MSGSEND = YES;
				GCC_C_LANGUAGE_STANDARD = gnu99;
				GCC_DYNAMIC_NO_PIC = NO;
				GCC_OPTIMIZATION_LEVEL = 0;
				GCC_PREPROCESSOR_DEFINITIONS = (
					"DEBUG=1",
					"$(inherited)",
				);
				GCC_SYMBOLS_PRIVATE_EXTERN = NO;
				GCC_WARN_64_TO_32_BIT_CONVERSION = YES;
				GCC_WARN_ABOUT_RETURN_TYPE = YES_ERROR;
				GCC_WARN_UNDECLARED_SELECTOR = YES;
				GCC_WARN_UNINITIALIZED_AUTOS = YES_AGGRESSIVE;
				GCC_WARN_UNUSED_FUNCTION = YES;
				GCC_WARN_UNUSED_VARIABLE = YES;
				IPHONEOS_DEPLOYMENT_TARGET = 8.1;
				MTL_ENABLE_DEBUG_INFO = YES;
				ONLY_ACTIVE_ARCH = YES;
				SDKROOT = iphoneos;
				SWIFT_OPTIMIZATION_LEVEL = "-Onone";
				TARGETED_DEVICE_FAMILY = "1,2";
			};
			name = Debug;
		};
		9DE190861A4C7F32003A7CE9 /* Release */ = {
			isa = XCBuildConfiguration;
			buildSettings = {
				ALWAYS_SEARCH_USER_PATHS = NO;
				CLANG_CXX_LANGUAGE_STANDARD = "gnu++0x";
				CLANG_CXX_LIBRARY = "libc++";
				CLANG_ENABLE_MODULES = YES;
				CLANG_ENABLE_OBJC_ARC = YES;
				CLANG_WARN_BOOL_CONVERSION = YES;
				CLANG_WARN_CONSTANT_CONVERSION = YES;
				CLANG_WARN_DIRECT_OBJC_ISA_USAGE = YES_ERROR;
				CLANG_WARN_EMPTY_BODY = YES;
				CLANG_WARN_ENUM_CONVERSION = YES;
				CLANG_WARN_INT_CONVERSION = YES;
				CLANG_WARN_OBJC_ROOT_CLASS = YES_ERROR;
				CLANG_WARN_UNREACHABLE_CODE = YES;
				CLANG_WARN__DUPLICATE_METHOD_MATCH = YES;
				"CODE_SIGN_IDENTITY[sdk=iphoneos*]" = "iPhone Developer";
				COPY_PHASE_STRIP = YES;
				ENABLE_NS_ASSERTIONS = NO;
				ENABLE_STRICT_OBJC_MSGSEND = YES;
				GCC_C_LANGUAGE_STANDARD = gnu99;
				GCC_WARN_64_TO_32_BIT_CONVERSION = YES;
				GCC_WARN_ABOUT_RETURN_TYPE = YES_ERROR;
				GCC_WARN_UNDECLARED_SELECTOR = YES;
				GCC_WARN_UNINITIALIZED_AUTOS = YES_AGGRESSIVE;
				GCC_WARN_UNUSED_FUNCTION = YES;
				GCC_WARN_UNUSED_VARIABLE = YES;
				IPHONEOS_DEPLOYMENT_TARGET = 8.1;
				MTL_ENABLE_DEBUG_INFO = NO;
				SDKROOT = iphoneos;
				TARGETED_DEVICE_FAMILY = "1,2";
				VALIDATE_PRODUCT = YES;
			};
			name = Release;
		};
		9DE190881A4C7F32003A7CE9 /* Debug */ = {
			isa = XCBuildConfiguration;
			buildSettings = {
				ASSETCATALOG_COMPILER_APPICON_NAME = AppIcon;
				CODE_SIGN_IDENTITY = "iPhone Developer";
				"CODE_SIGN_IDENTITY[sdk=iphoneos*]" = "iPhone Developer";
				INFOPLIST_FILE = CBIFlagConditions/Info.plist;
				IPHONEOS_DEPLOYMENT_TARGET = 8.0;
				LD_RUNPATH_SEARCH_PATHS = "$(inherited) @executable_path/Frameworks";
				PRODUCT_NAME = "$(TARGET_NAME)";
				PROVISIONING_PROFILE = "";
				TARGETED_DEVICE_FAMILY = "1,2";
			};
			name = Debug;
		};
		9DE190891A4C7F32003A7CE9 /* Release */ = {
			isa = XCBuildConfiguration;
			buildSettings = {
				ASSETCATALOG_COMPILER_APPICON_NAME = AppIcon;
				CODE_SIGN_IDENTITY = "iPhone Developer";
				"CODE_SIGN_IDENTITY[sdk=iphoneos*]" = "iPhone Developer";
				INFOPLIST_FILE = CBIFlagConditions/Info.plist;
				IPHONEOS_DEPLOYMENT_TARGET = 8.0;
				LD_RUNPATH_SEARCH_PATHS = "$(inherited) @executable_path/Frameworks";
				PRODUCT_NAME = "$(TARGET_NAME)";
				PROVISIONING_PROFILE = "";
				TARGETED_DEVICE_FAMILY = "1,2";
			};
			name = Release;
		};
		9DE1908B1A4C7F32003A7CE9 /* Debug */ = {
			isa = XCBuildConfiguration;
			buildSettings = {
				BUNDLE_LOADER = "$(TEST_HOST)";
				FRAMEWORK_SEARCH_PATHS = (
					"$(SDKROOT)/Developer/Library/Frameworks",
					"$(inherited)",
				);
				GCC_PREPROCESSOR_DEFINITIONS = (
					"DEBUG=1",
					"$(inherited)",
				);
				INFOPLIST_FILE = CBIFlagConditionsTests/Info.plist;
				LD_RUNPATH_SEARCH_PATHS = "$(inherited) @executable_path/Frameworks @loader_path/Frameworks";
				PRODUCT_NAME = "$(TARGET_NAME)";
				TEST_HOST = "$(BUILT_PRODUCTS_DIR)/CBIFlagConditions.app/CBIFlagConditions";
			};
			name = Debug;
		};
		9DE1908C1A4C7F32003A7CE9 /* Release */ = {
			isa = XCBuildConfiguration;
			buildSettings = {
				BUNDLE_LOADER = "$(TEST_HOST)";
				FRAMEWORK_SEARCH_PATHS = (
					"$(SDKROOT)/Developer/Library/Frameworks",
					"$(inherited)",
				);
				INFOPLIST_FILE = CBIFlagConditionsTests/Info.plist;
				LD_RUNPATH_SEARCH_PATHS = "$(inherited) @executable_path/Frameworks @loader_path/Frameworks";
				PRODUCT_NAME = "$(TARGET_NAME)";
				TEST_HOST = "$(BUILT_PRODUCTS_DIR)/CBIFlagConditions.app/CBIFlagConditions";
			};
			name = Release;
		};
/* End XCBuildConfiguration section */

/* Begin XCConfigurationList section */
		9DE1905F1A4C7F32003A7CE9 /* Build configuration list for PBXProject "CBIFlagConditions" */ = {
			isa = XCConfigurationList;
			buildConfigurations = (
				9DE190851A4C7F32003A7CE9 /* Debug */,
				9DE190861A4C7F32003A7CE9 /* Release */,
			);
			defaultConfigurationIsVisible = 0;
			defaultConfigurationName = Release;
		};
		9DE190871A4C7F32003A7CE9 /* Build configuration list for PBXNativeTarget "CBIFlagConditions" */ = {
			isa = XCConfigurationList;
			buildConfigurations = (
				9DE190881A4C7F32003A7CE9 /* Debug */,
				9DE190891A4C7F32003A7CE9 /* Release */,
			);
			defaultConfigurationIsVisible = 0;
			defaultConfigurationName = Release;
		};
		9DE1908A1A4C7F32003A7CE9 /* Build configuration list for PBXNativeTarget "CBIFlagConditionsTests" */ = {
			isa = XCConfigurationList;
			buildConfigurations = (
				9DE1908B1A4C7F32003A7CE9 /* Debug */,
				9DE1908C1A4C7F32003A7CE9 /* Release */,
			);
			defaultConfigurationIsVisible = 0;
			defaultConfigurationName = Release;
		};
/* End XCConfigurationList section */
	};
	rootObject = 9DE1905C1A4C7F32003A7CE9 /* Project object */;
}
